// !$*UTF8*$!
{
	archiveVersion = 1;
	classes = {
	};
	objectVersion = 52;
	objects = {

/* Begin PBXBuildFile section */
		9FBDA14E25910D3A007F42E5 /* SwiftUILoginPageWithLeanCloudApp.swift in Sources */ = {isa = PBXBuildFile; fileRef = 9FBDA14D25910D3A007F42E5 /* SwiftUILoginPageWithLeanCloudApp.swift */; };
		9FBDA15025910D3A007F42E5 /* ContentView.swift in Sources */ = {isa = PBXBuildFile; fileRef = 9FBDA14F25910D3A007F42E5 /* ContentView.swift */; };
		9FBDA15225910D3D007F42E5 /* Assets.xcassets in Resources */ = {isa = PBXBuildFile; fileRef = 9FBDA15125910D3D007F42E5 /* Assets.xcassets */; };
		9FBDA15525910D3D007F42E5 /* Preview Assets.xcassets in Resources */ = {isa = PBXBuildFile; fileRef = 9FBDA15425910D3D007F42E5 /* Preview Assets.xcassets */; };
		9FBDA16125910F1C007F42E5 /* WelcomeView.swift in Sources */ = {isa = PBXBuildFile; fileRef = 9FBDA16025910F1C007F42E5 /* WelcomeView.swift */; };
		9FBDA16525910F3A007F42E5 /* LoginView.swift in Sources */ = {isa = PBXBuildFile; fileRef = 9FBDA16425910F3A007F42E5 /* LoginView.swift */; };
		9FBDA16825910F54007F42E5 /* SignupView.swift in Sources */ = {isa = PBXBuildFile; fileRef = 9FBDA16725910F54007F42E5 /* SignupView.swift */; };
		9FBDA16B25910F77007F42E5 /* ResetPasswordView.swift in Sources */ = {isa = PBXBuildFile; fileRef = 9FBDA16A25910F77007F42E5 /* ResetPasswordView.swift */; };
		9FBDA16F259110C6007F42E5 /* LeanCloud in Frameworks */ = {isa = PBXBuildFile; productRef = 9FBDA16E259110C6007F42E5 /* LeanCloud */; };
		9FBDA17225911108007F42E5 /* PersonTabView.swift in Sources */ = {isa = PBXBuildFile; fileRef = 9FBDA17125911108007F42E5 /* PersonTabView.swift */; };
		9FBDA1752591111D007F42E5 /* CheckPhoneView.swift in Sources */ = {isa = PBXBuildFile; fileRef = 9FBDA1742591111D007F42E5 /* CheckPhoneView.swift */; };
		9FBDA17825911132007F42E5 /* HomeTabView.swift in Sources */ = {isa = PBXBuildFile; fileRef = 9FBDA17725911132007F42E5 /* HomeTabView.swift */; };
		9FBDA17E259114B6007F42E5 /* LoadingView.swift in Sources */ = {isa = PBXBuildFile; fileRef = 9FBDA17D259114B6007F42E5 /* LoadingView.swift */; };
/* End PBXBuildFile section */

/* Begin PBXFileReference section */
		9FBDA14A25910D3A007F42E5 /* SwiftUILoginPageWithLeanCloud.app */ = {isa = PBXFileReference; explicitFileType = wrapper.application; includeInIndex = 0; path = SwiftUILoginPageWithLeanCloud.app; sourceTree = BUILT_PRODUCTS_DIR; };
		9FBDA14D25910D3A007F42E5 /* SwiftUILoginPageWithLeanCloudApp.swift */ = {isa = PBXFileReference; lastKnownFileType = sourcecode.swift; path = SwiftUILoginPageWithLeanCloudApp.swift; sourceTree = "<group>"; };
		9FBDA14F25910D3A007F42E5 /* ContentView.swift */ = {isa = PBXFileReference; lastKnownFileType = sourcecode.swift; path = ContentView.swift; sourceTree = "<group>"; };
		9FBDA15125910D3D007F42E5 /* Assets.xcassets */ = {isa = PBXFileReference; lastKnownFileType = folder.assetcatalog; path = Assets.xcassets; sourceTree = "<group>"; };
		9FBDA15425910D3D007F42E5 /* Preview Assets.xcassets */ = {isa = PBXFileReference; lastKnownFileType = folder.assetcatalog; path = "Preview Assets.xcassets"; sourceTree = "<group>"; };
		9FBDA15625910D3D007F42E5 /* Info.plist */ = {isa = PBXFileReference; lastKnownFileType = text.plist.xml; path = Info.plist; sourceTree = "<group>"; };
		9FBDA16025910F1C007F42E5 /* WelcomeView.swift */ = {isa = PBXFileReference; lastKnownFileType = sourcecode.swift; path = WelcomeView.swift; sourceTree = "<group>"; };
		9FBDA16425910F3A007F42E5 /* LoginView.swift */ = {isa = PBXFileReference; lastKnownFileType = sourcecode.swift; path = LoginView.swift; sourceTree = "<group>"; };
		9FBDA16725910F54007F42E5 /* SignupView.swift */ = {isa = PBXFileReference; lastKnownFileType = sourcecode.swift; path = SignupView.swift; sourceTree = "<group>"; };
		9FBDA16A25910F77007F42E5 /* ResetPasswordView.swift */ = {isa = PBXFileReference; lastKnownFileType = sourcecode.swift; path = ResetPasswordView.swift; sourceTree = "<group>"; };
		9FBDA17125911108007F42E5 /* PersonTabView.swift */ = {isa = PBXFileReference; lastKnownFileType = sourcecode.swift; path = PersonTabView.swift; sourceTree = "<group>"; };
		9FBDA1742591111D007F42E5 /* CheckPhoneView.swift */ = {isa = PBXFileReference; lastKnownFileType = sourcecode.swift; path = CheckPhoneView.swift; sourceTree = "<group>"; };
		9FBDA17725911132007F42E5 /* HomeTabView.swift */ = {isa = PBXFileReference; lastKnownFileType = sourcecode.swift; path = HomeTabView.swift; sourceTree = "<group>"; };
		9FBDA17D259114B6007F42E5 /* LoadingView.swift */ = {isa = PBXFileReference; lastKnownFileType = sourcecode.swift; path = LoadingView.swift; sourceTree = "<group>"; };
/* End PBXFileReference section */

/* Begin PBXFrameworksBuildPhase section */
		9FBDA14725910D3A007F42E5 /* Frameworks */ = {
			isa = PBXFrameworksBuildPhase;
			buildActionMask = 2147483647;
			files = (
				9FBDA16F259110C6007F42E5 /* LeanCloud in Frameworks */,
			);
			runOnlyForDeploymentPostprocessing = 0;
		};
/* End PBXFrameworksBuildPhase section */

/* Begin PBXGroup section */
		9FBDA14125910D3A007F42E5 = {
			isa = PBXGroup;
			children = (
				9FBDA14C25910D3A007F42E5 /* SwiftUILoginPageWithLeanCloud */,
				9FBDA14B25910D3A007F42E5 /* Products */,
			);
			sourceTree = "<group>";
		};
		9FBDA14B25910D3A007F42E5 /* Products */ = {
			isa = PBXGroup;
			children = (
				9FBDA14A25910D3A007F42E5 /* SwiftUILoginPageWithLeanCloud.app */,
			);
			name = Products;
			sourceTree = "<group>";
		};
		9FBDA14C25910D3A007F42E5 /* SwiftUILoginPageWithLeanCloud */ = {
			isa = PBXGroup;
			children = (
				9FBDA17C259114A7007F42E5 /* Util */,
				9FBDA15F25910DAA007F42E5 /* Login */,
				9FBDA15E25910D67007F42E5 /* Person */,
				9FBDA15D25910D55007F42E5 /* Home */,
				9FBDA14D25910D3A007F42E5 /* SwiftUILoginPageWithLeanCloudApp.swift */,
				9FBDA14F25910D3A007F42E5 /* ContentView.swift */,
				9FBDA15125910D3D007F42E5 /* Assets.xcassets */,
				9FBDA15625910D3D007F42E5 /* Info.plist */,
				9FBDA15325910D3D007F42E5 /* Preview Content */,
			);
			path = SwiftUILoginPageWithLeanCloud;
			sourceTree = "<group>";
		};
		9FBDA15325910D3D007F42E5 /* Preview Content */ = {
			isa = PBXGroup;
			children = (
				9FBDA15425910D3D007F42E5 /* Preview Assets.xcassets */,
			);
			path = "Preview Content";
			sourceTree = "<group>";
		};
		9FBDA15D25910D55007F42E5 /* Home */ = {
			isa = PBXGroup;
			children = (
				9FBDA17725911132007F42E5 /* HomeTabView.swift */,
			);
			path = Home;
			sourceTree = "<group>";
		};
		9FBDA15E25910D67007F42E5 /* Person */ = {
			isa = PBXGroup;
			children = (
				9FBDA17125911108007F42E5 /* PersonTabView.swift */,
				9FBDA1742591111D007F42E5 /* CheckPhoneView.swift */,
			);
			path = Person;
			sourceTree = "<group>";
		};
		9FBDA15F25910DAA007F42E5 /* Login */ = {
			isa = PBXGroup;
			children = (
				9FBDA16025910F1C007F42E5 /* WelcomeView.swift */,
				9FBDA16425910F3A007F42E5 /* LoginView.swift */,
				9FBDA16725910F54007F42E5 /* SignupView.swift */,
				9FBDA16A25910F77007F42E5 /* ResetPasswordView.swift */,
			);
			path = Login;
			sourceTree = "<group>";
		};
		9FBDA17C259114A7007F42E5 /* Util */ = {
			isa = PBXGroup;
			children = (
				9FBDA17D259114B6007F42E5 /* LoadingView.swift */,
			);
			path = Util;
			sourceTree = "<group>";
		};
/* End PBXGroup section */

/* Begin PBXNativeTarget section */
		9FBDA14925910D3A007F42E5 /* SwiftUILoginPageWithLeanCloud */ = {
			isa = PBXNativeTarget;
			buildConfigurationList = 9FBDA15925910D3D007F42E5 /* Build configuration list for PBXNativeTarget "SwiftUILoginPageWithLeanCloud" */;
			buildPhases = (
				9FBDA14625910D3A007F42E5 /* Sources */,
				9FBDA14725910D3A007F42E5 /* Frameworks */,
				9FBDA14825910D3A007F42E5 /* Resources */,
			);
			buildRules = (
			);
			dependencies = (
			);
			name = SwiftUILoginPageWithLeanCloud;
			packageProductDependencies = (
				9FBDA16E259110C6007F42E5 /* LeanCloud */,
			);
			productName = SwiftUILoginPageWithLeanCloud;
			productReference = 9FBDA14A25910D3A007F42E5 /* SwiftUILoginPageWithLeanCloud.app */;
			productType = "com.apple.product-type.application";
		};
/* End PBXNativeTarget section */

/* Begin PBXProject section */
		9FBDA14225910D3A007F42E5 /* Project object */ = {
			isa = PBXProject;
			attributes = {
				LastSwiftUpdateCheck = 1230;
				LastUpgradeCheck = 1230;
				TargetAttributes = {
					9FBDA14925910D3A007F42E5 = {
						CreatedOnToolsVersion = 12.3;
					};
				};
			};
			buildConfigurationList = 9FBDA14525910D3A007F42E5 /* Build configuration list for PBXProject "SwiftUILoginPageWithLeanCloud" */;
			compatibilityVersion = "Xcode 9.3";
			developmentRegion = en;
			hasScannedForEncodings = 0;
			knownRegions = (
				en,
				Base,
			);
			mainGroup = 9FBDA14125910D3A007F42E5;
			packageReferences = (
				9FBDA16D259110C6007F42E5 /* XCRemoteSwiftPackageReference "swift-sdk" */,
			);
			productRefGroup = 9FBDA14B25910D3A007F42E5 /* Products */;
			projectDirPath = "";
			projectRoot = "";
			targets = (
				9FBDA14925910D3A007F42E5 /* SwiftUILoginPageWithLeanCloud */,
			);
		};
/* End PBXProject section */

/* Begin PBXResourcesBuildPhase section */
		9FBDA14825910D3A007F42E5 /* Resources */ = {
			isa = PBXResourcesBuildPhase;
			buildActionMask = 2147483647;
			files = (
				9FBDA15525910D3D007F42E5 /* Preview Assets.xcassets in Resources */,
				9FBDA15225910D3D007F42E5 /* Assets.xcassets in Resources */,
			);
			runOnlyForDeploymentPostprocessing = 0;
		};
/* End PBXResourcesBuildPhase section */

/* Begin PBXSourcesBuildPhase section */
		9FBDA14625910D3A007F42E5 /* Sources */ = {
			isa = PBXSourcesBuildPhase;
			buildActionMask = 2147483647;
			files = (
				9FBDA15025910D3A007F42E5 /* ContentView.swift in Sources */,
				9FBDA16125910F1C007F42E5 /* WelcomeView.swift in Sources */,
				9FBDA1752591111D007F42E5 /* CheckPhoneView.swift in Sources */,
				9FBDA17E259114B6007F42E5 /* LoadingView.swift in Sources */,
				9FBDA17825911132007F42E5 /* HomeTabView.swift in Sources */,
				9FBDA16525910F3A007F42E5 /* LoginView.swift in Sources */,
				9FBDA16B25910F77007F42E5 /* ResetPasswordView.swift in Sources */,
				9FBDA17225911108007F42E5 /* PersonTabView.swift in Sources */,
				9FBDA14E25910D3A007F42E5 /* SwiftUILoginPageWithLeanCloudApp.swift in Sources */,
				9FBDA16825910F54007F42E5 /* SignupView.swift in Sources */,
			);
			runOnlyForDeploymentPostprocessing = 0;
		};
/* End PBXSourcesBuildPhase section */

/* Begin XCBuildConfiguration section */
		9FBDA15725910D3D007F42E5 /* Debug */ = {
			isa = XCBuildConfiguration;
			buildSettings = {
				ALWAYS_SEARCH_USER_PATHS = NO;
				CLANG_ANALYZER_NONNULL = YES;
				CLANG_ANALYZER_NUMBER_OBJECT_CONVERSION = YES_AGGRESSIVE;
				CLANG_CXX_LANGUAGE_STANDARD = "gnu++14";
				CLANG_CXX_LIBRARY = "libc++";
				CLANG_ENABLE_MODULES = YES;
				CLANG_ENABLE_OBJC_ARC = YES;
				CLANG_ENABLE_OBJC_WEAK = YES;
				CLANG_WARN_BLOCK_CAPTURE_AUTORELEASING = YES;
				CLANG_WARN_BOOL_CONVERSION = YES;
				CLANG_WARN_COMMA = YES;
				CLANG_WARN_CONSTANT_CONVERSION = YES;
				CLANG_WARN_DEPRECATED_OBJC_IMPLEMENTATIONS = YES;
				CLANG_WARN_DIRECT_OBJC_ISA_USAGE = YES_ERROR;
				CLANG_WARN_DOCUMENTATION_COMMENTS = YES;
				CLANG_WARN_EMPTY_BODY = YES;
				CLANG_WARN_ENUM_CONVERSION = YES;
				CLANG_WARN_INFINITE_RECURSION = YES;
				CLANG_WARN_INT_CONVERSION = YES;
				CLANG_WARN_NON_LITERAL_NULL_CONVERSION = YES;
				CLANG_WARN_OBJC_IMPLICIT_RETAIN_SELF = YES;
				CLANG_WARN_OBJC_LITERAL_CONVERSION = YES;
				CLANG_WARN_OBJC_ROOT_CLASS = YES_ERROR;
				CLANG_WARN_QUOTED_INCLUDE_IN_FRAMEWORK_HEADER = YES;
				CLANG_WARN_RANGE_LOOP_ANALYSIS = YES;
				CLANG_WARN_STRICT_PROTOTYPES = YES;
				CLANG_WARN_SUSPICIOUS_MOVE = YES;
				CLANG_WARN_UNGUARDED_AVAILABILITY = YES_AGGRESSIVE;
				CLANG_WARN_UNREACHABLE_CODE = YES;
				CLANG_WARN__DUPLICATE_METHOD_MATCH = YES;
				COPY_PHASE_STRIP = NO;
				DEBUG_INFORMATION_FORMAT = dwarf;
				ENABLE_STRICT_OBJC_MSGSEND = YES;
				ENABLE_TESTABILITY = YES;
				GCC_C_LANGUAGE_STANDARD = gnu11;
				GCC_DYNAMIC_NO_PIC = NO;
				GCC_NO_COMMON_BLOCKS = YES;
				GCC_OPTIMIZATION_LEVEL = 0;
				GCC_PREPROCESSOR_DEFINITIONS = (
					"DEBUG=1",
					"$(inherited)",
				);
				GCC_WARN_64_TO_32_BIT_CONVERSION = YES;
				GCC_WARN_ABOUT_RETURN_TYPE = YES_ERROR;
				GCC_WARN_UNDECLARED_SELECTOR = YES;
				GCC_WARN_UNINITIALIZED_AUTOS = YES_AGGRESSIVE;
				GCC_WARN_UNUSED_FUNCTION = YES;
				GCC_WARN_UNUSED_VARIABLE = YES;
				IPHONEOS_DEPLOYMENT_TARGET = 14.3;
				MTL_ENABLE_DEBUG_INFO = INCLUDE_SOURCE;
				MTL_FAST_MATH = YES;
				ONLY_ACTIVE_ARCH = YES;
				SDKROOT = iphoneos;
				SWIFT_ACTIVE_COMPILATION_CONDITIONS = DEBUG;
				SWIFT_OPTIMIZATION_LEVEL = "-Onone";
			};
			name = Debug;
		};
		9FBDA15825910D3D007F42E5 /* Release */ = {
			isa = XCBuildConfiguration;
			buildSettings = {
				ALWAYS_SEARCH_USER_PATHS = NO;
				CLANG_ANALYZER_NONNULL = YES;
				CLANG_ANALYZER_NUMBER_OBJECT_CONVERSION = YES_AGGRESSIVE;
				CLANG_CXX_LANGUAGE_STANDARD = "gnu++14";
				CLANG_CXX_LIBRARY = "libc++";
				CLANG_ENABLE_MODULES = YES;
				CLANG_ENABLE_OBJC_ARC = YES;
				CLANG_ENABLE_OBJC_WEAK = YES;
				CLANG_WARN_BLOCK_CAPTURE_AUTORELEASING = YES;
				CLANG_WARN_BOOL_CONVERSION = YES;
				CLANG_WARN_COMMA = YES;
				CLANG_WARN_CONSTANT_CONVERSION = YES;
				CLANG_WARN_DEPRECATED_OBJC_IMPLEMENTATIONS = YES;
				CLANG_WARN_DIRECT_OBJC_ISA_USAGE = YES_ERROR;
				CLANG_WARN_DOCUMENTATION_COMMENTS = YES;
				CLANG_WARN_EMPTY_BODY = YES;
				CLANG_WARN_ENUM_CONVERSION = YES;
				CLANG_WARN_INFINITE_RECURSION = YES;
				CLANG_WARN_INT_CONVERSION = YES;
				CLANG_WARN_NON_LITERAL_NULL_CONVERSION = YES;
				CLANG_WARN_OBJC_IMPLICIT_RETAIN_SELF = YES;
				CLANG_WARN_OBJC_LITERAL_CONVERSION = YES;
				CLANG_WARN_OBJC_ROOT_CLASS = YES_ERROR;
				CLANG_WARN_QUOTED_INCLUDE_IN_FRAMEWORK_HEADER = YES;
				CLANG_WARN_RANGE_LOOP_ANALYSIS = YES;
				CLANG_WARN_STRICT_PROTOTYPES = YES;
				CLANG_WARN_SUSPICIOUS_MOVE = YES;
				CLANG_WARN_UNGUARDED_AVAILABILITY = YES_AGGRESSIVE;
				CLANG_WARN_UNREACHABLE_CODE = YES;
				CLANG_WARN__DUPLICATE_METHOD_MATCH = YES;
				COPY_PHASE_STRIP = NO;
				DEBUG_INFORMATION_FORMAT = "dwarf-with-dsym";
				ENABLE_NS_ASSERTIONS = NO;
				ENABLE_STRICT_OBJC_MSGSEND = YES;
				GCC_C_LANGUAGE_STANDARD = gnu11;
				GCC_NO_COMMON_BLOCKS = YES;
				GCC_WARN_64_TO_32_BIT_CONVERSION = YES;
				GCC_WARN_ABOUT_RETURN_TYPE = YES_ERROR;
				GCC_WARN_UNDECLARED_SELECTOR = YES;
				GCC_WARN_UNINITIALIZED_AUTOS = YES_AGGRESSIVE;
				GCC_WARN_UNUSED_FUNCTION = YES;
				GCC_WARN_UNUSED_VARIABLE = YES;
				IPHONEOS_DEPLOYMENT_TARGET = 14.3;
				MTL_ENABLE_DEBUG_INFO = NO;
				MTL_FAST_MATH = YES;
				SDKROOT = iphoneos;
				SWIFT_COMPILATION_MODE = wholemodule;
				SWIFT_OPTIMIZATION_LEVEL = "-O";
				VALIDATE_PRODUCT = YES;
			};
			name = Release;
		};
		9FBDA15A25910D3D007F42E5 /* Debug */ = {
			isa = XCBuildConfiguration;
			buildSettings = {
				ASSETCATALOG_COMPILER_APPICON_NAME = AppIcon;
				ASSETCATALOG_COMPILER_GLOBAL_ACCENT_COLOR_NAME = AccentColor;
				CODE_SIGN_STYLE = Automatic;
				DEVELOPMENT_ASSET_PATHS = "\"SwiftUILoginPageWithLeanCloud/Preview Content\"";
				DEVELOPMENT_TEAM = "";
				ENABLE_PREVIEWS = YES;
				INFOPLIST_FILE = SwiftUILoginPageWithLeanCloud/Info.plist;
				IPHONEOS_DEPLOYMENT_TARGET = 14.0;
				LD_RUNPATH_SEARCH_PATHS = (
					"$(inherited)",
					"@executable_path/Frameworks",
				);
				PRODUCT_BUNDLE_IDENTIFIER = com.Ailln.SwiftUILoginPageWithLeanCloud;
				PRODUCT_NAME = "$(TARGET_NAME)";
				SWIFT_VERSION = 5.0;
				TARGETED_DEVICE_FAMILY = "1,2";
			};
			name = Debug;
		};
		9FBDA15B25910D3D007F42E5 /* Release */ = {
			isa = XCBuildConfiguration;
			buildSettings = {
				ASSETCATALOG_COMPILER_APPICON_NAME = AppIcon;
				ASSETCATALOG_COMPILER_GLOBAL_ACCENT_COLOR_NAME = AccentColor;
				CODE_SIGN_STYLE = Automatic;
				DEVELOPMENT_ASSET_PATHS = "\"SwiftUILoginPageWithLeanCloud/Preview Content\"";
				DEVELOPMENT_TEAM = "";
				ENABLE_PREVIEWS = YES;
				INFOPLIST_FILE = SwiftUILoginPageWithLeanCloud/Info.plist;
				IPHONEOS_DEPLOYMENT_TARGET = 14.0;
				LD_RUNPATH_SEARCH_PATHS = (
					"$(inherited)",
					"@executable_path/Frameworks",
				);
				PRODUCT_BUNDLE_IDENTIFIER = com.Ailln.SwiftUILoginPageWithLeanCloud;
				PRODUCT_NAME = "$(TARGET_NAME)";
				SWIFT_VERSION = 5.0;
				TARGETED_DEVICE_FAMILY = "1,2";
			};
			name = Release;
		};
/* End XCBuildConfiguration section */

/* Begin XCConfigurationList section */
		9FBDA14525910D3A007F42E5 /* Build configuration list for PBXProject "SwiftUILoginPageWithLeanCloud" */ = {
			isa = XCConfigurationList;
			buildConfigurations = (
				9FBDA15725910D3D007F42E5 /* Debug */,
				9FBDA15825910D3D007F42E5 /* Release */,
			);
			defaultConfigurationIsVisible = 0;
			defaultConfigurationName = Release;
		};
		9FBDA15925910D3D007F42E5 /* Build configuration list for PBXNativeTarget "SwiftUILoginPageWithLeanCloud" */ = {
			isa = XCConfigurationList;
			buildConfigurations = (
				9FBDA15A25910D3D007F42E5 /* Debug */,
				9FBDA15B25910D3D007F42E5 /* Release */,
			);
			defaultConfigurationIsVisible = 0;
			defaultConfigurationName = Release;
		};
/* End XCConfigurationList section */

/* Begin XCRemoteSwiftPackageReference section */
		9FBDA16D259110C6007F42E5 /* XCRemoteSwiftPackageReference "swift-sdk" */ = {
			isa = XCRemoteSwiftPackageReference;
			repositoryURL = "https://github.com/leancloud/swift-sdk";
			requirement = {
				kind = upToNextMajorVersion;
				minimumVersion = 17.6.5;
			};
		};
/* End XCRemoteSwiftPackageReference section */

/* Begin XCSwiftPackageProductDependency section */
		9FBDA16E259110C6007F42E5 /* LeanCloud */ = {
			isa = XCSwiftPackageProductDependency;
			package = 9FBDA16D259110C6007F42E5 /* XCRemoteSwiftPackageReference "swift-sdk" */;
			productName = LeanCloud;
		};
/* End XCSwiftPackageProductDependency section */
	};
	rootObject = 9FBDA14225910D3A007F42E5 /* Project object */;
}
